
Microsoft Visual Studio Solution File, Format Version 12.00
# Visual Studio 15
VisualStudioVersion = 15.0.27428.2015
MinimumVisualStudioVersion = 10.0.40219.1
Project("{FAE04EC0-301F-11D3-BF4B-00C04F79EFBC}") = "Some.Assembly", "Some.Assembly\Some.Assembly.csproj", "{C3F9755F-9997-4FFF-8024-5D1B3E64145C}"
EndProject
Global
	GlobalSection(SolutionConfigurationPlatforms) = preSolution
		Debug|Any CPU = Debug|Any CPU
		Release|Any CPU = Release|Any CPU
	EndGlobalSection
	GlobalSection(ProjectConfigurationPlatforms) = postSolution
		{C3F9755F-9997-4FFF-8024-5D1B3E64145C}.Debug|Any CPU.ActiveCfg = Debug|Any CPU
		{C3F9755F-9997-4FFF-8024-5D1B3E64145C}.Debug|Any CPU.Build.0 = Debug|Any CPU
		{C3F9755F-9997-4FFF-8024-5D1B3E64145C}.Release|Any CPU.ActiveCfg = Release|Any CPU
		{C3F9755F-9997-4FFF-8024-5D1B3E64145C}.Release|Any CPU.Build.0 = Release|Any CPU
	EndGlobalSection
	GlobalSection(SolutionProperties) = preSolution
		HideSolutionNode = FALSE
	EndGlobalSection
	GlobalSection(ExtensibilityGlobals) = postSolution
		SolutionGuid = {164DE864-6F23-4382-90F2-73784A083721}
	EndGlobalSection
EndGlobal
